
Microsoft Visual Studio Solution File, Format Version 12.00
# Visual Studio Version 16
VisualStudioVersion = 16.0.31112.23
MinimumVisualStudioVersion = 10.0.40219.1
Project("{FAE04EC0-301F-11D3-BF4B-00C04F79EFBC}") = "Converter", "Converter\Converter.csproj", "{D9F9A3DB-A1C8-4CE5-876E-44E8C55F4295}"
EndProject
Project("{FAE04EC0-301F-11D3-BF4B-00C04F79EFBC}") = "Connv", "Connv\Connv.csproj", "{EB8B93CE-CBB2-4390-8E2C-E30D2954236A}"
EndProject
Global
	GlobalSection(SolutionConfigurationPlatforms) = preSolution
		Debug|Any CPU = Debug|Any CPU
		Release|Any CPU = Release|Any CPU
	EndGlobalSection
	GlobalSection(ProjectConfigurationPlatforms) = postSolution
		{D9F9A3DB-A1C8-4CE5-876E-44E8C55F4295}.Debug|Any CPU.ActiveCfg = Debug|Any CPU
		{D9F9A3DB-A1C8-4CE5-876E-44E8C55F4295}.Debug|Any CPU.Build.0 = Debug|Any CPU
		{D9F9A3DB-A1C8-4CE5-876E-44E8C55F4295}.Release|Any CPU.ActiveCfg = Release|Any CPU
		{D9F9A3DB-A1C8-4CE5-876E-44E8C55F4295}.Release|Any CPU.Build.0 = Release|Any CPU
		{EB8B93CE-CBB2-4390-8E2C-E30D2954236A}.Debug|Any CPU.ActiveCfg = Debug|Any CPU
		{EB8B93CE-CBB2-4390-8E2C-E30D2954236A}.Debug|Any CPU.Build.0 = Debug|Any CPU
		{EB8B93CE-CBB2-4390-8E2C-E30D2954236A}.Release|Any CPU.ActiveCfg = Release|Any CPU
		{EB8B93CE-CBB2-4390-8E2C-E30D2954236A}.Release|Any CPU.Build.0 = Release|Any CPU
	EndGlobalSection
	GlobalSection(SolutionProperties) = preSolution
		HideSolutionNode = FALSE
	EndGlobalSection
	GlobalSection(ExtensibilityGlobals) = postSolution
		SolutionGuid = {4687EF2F-EEA0-4EF9-AEEC-3458B8F5B4D2}
	EndGlobalSection
EndGlobal
